{
  "requires": true,
  "lockfileVersion": 1,
  "dependencies": {
    "raf-throttle": {
      "version": "2.0.3",
      "resolved":
        "https://registry.npmjs.org/raf-throttle/-/raf-throttle-2.0.3.tgz",
      "integrity":
        "sha512-nr6F5zTqyLQ7TcAtWArQPxjwW1uTh5h2f+DxsFd2beT2p5iURAXhkx34T4pgaCgA6gjqIm0wVO94QF1zPkThug=="
    }
  }
}
